
Microsoft Visual Studio Solution File, Format Version 12.00
# Visual Studio Version 16
VisualStudioVersion = 16.0.29806.167
MinimumVisualStudioVersion = 10.0.40219.1
Project("{9A19103F-16F7-4668-BE54-9A1E7A4F7556}") = "API", "API\API.csproj", "{22FD98F2-8545-48C5-84ED-C27C46D1647E}"
EndProject
Project("{9A19103F-16F7-4668-BE54-9A1E7A4F7556}") = "Web", "Web\Web.csproj", "{8E0B8FEF-04CA-4101-B015-066929D623A9}"
EndProject
Project("{00D1A9C2-B5F0-4AF3-8072-F6C62B433612}") = "Database", "Database\Database.sqlproj", "{2F64877C-30CF-479D-B1E2-7A3C429C4397}"
EndProject
Project("{9A19103F-16F7-4668-BE54-9A1E7A4F7556}") = "DataAccess", "DataAccess\DataAccess.csproj", "{FE431555-14B3-42E8-A99A-43F798B65A30}"
EndProject
Project("{FAE04EC0-301F-11D3-BF4B-00C04F79EFBC}") = "Test", "Test\Test.csproj", "{88332A6F-038D-41DE-BFDE-0AA2BF3F8520}"
EndProject
Global
	GlobalSection(SolutionConfigurationPlatforms) = preSolution
		Debug|Any CPU = Debug|Any CPU
		Release|Any CPU = Release|Any CPU
	EndGlobalSection
	GlobalSection(ProjectConfigurationPlatforms) = postSolution
		{22FD98F2-8545-48C5-84ED-C27C46D1647E}.Debug|Any CPU.ActiveCfg = Debug|Any CPU
		{22FD98F2-8545-48C5-84ED-C27C46D1647E}.Debug|Any CPU.Build.0 = Debug|Any CPU
		{22FD98F2-8545-48C5-84ED-C27C46D1647E}.Release|Any CPU.ActiveCfg = Release|Any CPU
		{22FD98F2-8545-48C5-84ED-C27C46D1647E}.Release|Any CPU.Build.0 = Release|Any CPU
		{8E0B8FEF-04CA-4101-B015-066929D623A9}.Debug|Any CPU.ActiveCfg = Debug|Any CPU
		{8E0B8FEF-04CA-4101-B015-066929D623A9}.Debug|Any CPU.Build.0 = Debug|Any CPU
		{8E0B8FEF-04CA-4101-B015-066929D623A9}.Release|Any CPU.ActiveCfg = Release|Any CPU
		{8E0B8FEF-04CA-4101-B015-066929D623A9}.Release|Any CPU.Build.0 = Release|Any CPU
		{2F64877C-30CF-479D-B1E2-7A3C429C4397}.Debug|Any CPU.ActiveCfg = Debug|Any CPU
		{2F64877C-30CF-479D-B1E2-7A3C429C4397}.Debug|Any CPU.Build.0 = Debug|Any CPU
		{2F64877C-30CF-479D-B1E2-7A3C429C4397}.Debug|Any CPU.Deploy.0 = Debug|Any CPU
		{2F64877C-30CF-479D-B1E2-7A3C429C4397}.Release|Any CPU.ActiveCfg = Release|Any CPU
		{2F64877C-30CF-479D-B1E2-7A3C429C4397}.Release|Any CPU.Build.0 = Release|Any CPU
		{2F64877C-30CF-479D-B1E2-7A3C429C4397}.Release|Any CPU.Deploy.0 = Release|Any CPU
		{FE431555-14B3-42E8-A99A-43F798B65A30}.Debug|Any CPU.ActiveCfg = Debug|Any CPU
		{FE431555-14B3-42E8-A99A-43F798B65A30}.Debug|Any CPU.Build.0 = Debug|Any CPU
		{FE431555-14B3-42E8-A99A-43F798B65A30}.Release|Any CPU.ActiveCfg = Release|Any CPU
		{FE431555-14B3-42E8-A99A-43F798B65A30}.Release|Any CPU.Build.0 = Release|Any CPU
		{88332A6F-038D-41DE-BFDE-0AA2BF3F8520}.Debug|Any CPU.ActiveCfg = Debug|Any CPU
		{88332A6F-038D-41DE-BFDE-0AA2BF3F8520}.Debug|Any CPU.Build.0 = Debug|Any CPU
		{88332A6F-038D-41DE-BFDE-0AA2BF3F8520}.Release|Any CPU.ActiveCfg = Release|Any CPU
		{88332A6F-038D-41DE-BFDE-0AA2BF3F8520}.Release|Any CPU.Build.0 = Release|Any CPU
	EndGlobalSection
	GlobalSection(SolutionProperties) = preSolution
		HideSolutionNode = FALSE
	EndGlobalSection
	GlobalSection(ExtensibilityGlobals) = postSolution
		SolutionGuid = {00F74BB4-51C2-48C9-9B1A-717FD4D2C661}
	EndGlobalSection
EndGlobal
